{
  "version": 4,
  "terraform_version": "1.5.6",
  "serial": 18,
  "lineage": "22100202-8134-633a-9f69-fc762dd71f2a",
  "outputs": {},
  "resources": [
    {
      "mode": "managed",
      "type": "google_bigquery_dataset",
      "name": "air_pollution_dataset_unified",
      "provider": "provider[\"registry.terraform.io/hashicorp/google\"]",
      "instances": [
        {
          "schema_version": 0,
          "attributes": {
            "access": [
              {
                "dataset": [],
                "domain": "",
                "group_by_email": "",
                "iam_member": "",
                "role": "OWNER",
                "routine": [],
                "special_group": "",
                "user_by_email": "air-pollution-project-amatacz@appspot.gserviceaccount.com",
                "view": []
              },
              {
                "dataset": [],
                "domain": "",
                "group_by_email": "",
                "iam_member": "",
                "role": "OWNER",
                "routine": [],
                "special_group": "projectOwners",
                "user_by_email": "",
                "view": []
              },
              {
                "dataset": [],
                "domain": "",
                "group_by_email": "",
                "iam_member": "",
                "role": "READER",
                "routine": [],
                "special_group": "projectReaders",
                "user_by_email": "",
                "view": []
              },
              {
                "dataset": [],
                "domain": "",
                "group_by_email": "",
                "iam_member": "",
                "role": "WRITER",
                "routine": [],
                "special_group": "projectWriters",
                "user_by_email": "",
                "view": []
              }
            ],
            "creation_time": 1706640403022,
            "dataset_id": "air_pollution_dataset_unified",
            "default_collation": "",
            "default_encryption_configuration": [],
            "default_partition_expiration_ms": 0,
            "default_table_expiration_ms": 0,
            "delete_contents_on_destroy": false,
            "description": "Dataset for data processed from OpenWeather API.",
            "effective_labels": {},
            "etag": "Ji4d1oWyqhSqkmzKCWK4+g==",
            "friendly_name": "",
            "id": "projects/air-pollution-project-amatacz/datasets/air_pollution_dataset_unified",
            "is_case_insensitive": false,
            "labels": null,
            "last_modified_time": 1706640403022,
            "location": "EU",
            "max_time_travel_hours": "",
            "project": "air-pollution-project-amatacz",
            "self_link": "https://bigquery.googleapis.com/bigquery/v2/projects/air-pollution-project-amatacz/datasets/air_pollution_dataset_unified",
            "storage_billing_model": "",
            "terraform_labels": {},
            "timeouts": null
          },
          "sensitive_attributes": [],
          "private": "eyJlMmJmYjczMC1lY2FhLTExZTYtOGY4OC0zNDM2M2JjN2M0YzAiOnsiY3JlYXRlIjoxMjAwMDAwMDAwMDAwLCJkZWxldGUiOjEyMDAwMDAwMDAwMDAsInVwZGF0ZSI6MTIwMDAwMDAwMDAwMH19"
        }
      ]
    },
    {
      "mode": "managed",
      "type": "google_bigquery_table",
      "name": "unified_city_data",
      "provider": "provider[\"registry.terraform.io/hashicorp/google\"]",
      "instances": [
        {
          "schema_version": 0,
          "attributes": {
            "clustering": null,
            "creation_time": 1706640404066,
            "dataset_id": "air_pollution_dataset_unified",
            "deletion_protection": true,
            "description": "",
            "effective_labels": {},
            "encryption_configuration": [],
            "etag": "WBAwMJ/A9iaSYw+HxgLKNQ==",
            "expiration_time": 0,
            "external_data_configuration": [],
            "friendly_name": "",
            "id": "projects/air-pollution-project-amatacz/datasets/air_pollution_dataset_unified/tables/unified_city_data",
            "labels": null,
            "last_modified_time": 1706640404244,
            "location": "EU",
            "materialized_view": [],
            "max_staleness": "",
            "num_bytes": 0,
            "num_long_term_bytes": 0,
            "num_rows": 0,
            "project": "air-pollution-project-amatacz",
            "range_partitioning": [],
            "require_partition_filter": false,
            "schema": "[{\"mode\":\"NULLABLE\",\"name\":\"city\",\"type\":\"STRING\"},{\"mode\":\"NULLABLE\",\"name\":\"lat\",\"type\":\"FLOAT\"},{\"mode\":\"NULLABLE\",\"name\":\"lon\",\"type\":\"FLOAT\"},{\"mode\":\"NULLABLE\",\"name\":\"tag_name\",\"type\":\"STRING\"},{\"mode\":\"NULLABLE\",\"name\":\"value\",\"type\":\"FLOAT\"},{\"mode\":\"NULLABLE\",\"name\":\"timestamp\",\"type\":\"TIMESTAMP\"}]",
            "self_link": "https://bigquery.googleapis.com/bigquery/v2/projects/air-pollution-project-amatacz/datasets/air_pollution_dataset_unified/tables/unified_city_data",
            "table_constraints": [],
            "table_id": "unified_city_data",
            "terraform_labels": {},
            "time_partitioning": [
              {
                "expiration_ms": 0,
                "field": "",
                "require_partition_filter": false,
                "type": "DAY"
              }
            ],
            "type": "TABLE",
            "view": []
          },
          "sensitive_attributes": [],
          "private": "bnVsbA==",
          "dependencies": [
            "google_bigquery_dataset.air_pollution_dataset_unified"
          ]
        }
      ]
    },
    {
      "mode": "managed",
      "type": "google_cloudfunctions_function",
      "name": "function-get-openweather-data",
      "provider": "provider[\"registry.terraform.io/hashicorp/google\"]",
      "instances": [
        {
          "schema_version": 0,
          "attributes": {
            "available_memory_mb": 256,
            "build_environment_variables": null,
            "build_worker_pool": "",
            "description": "Function to retrieve data from OpenWeather API",
            "docker_registry": "CONTAINER_REGISTRY",
            "docker_repository": "",
            "effective_labels": {},
            "entry_point": "gcloud_get_openweather_data_function",
            "environment_variables": {},
            "event_trigger": [],
            "https_trigger_security_level": "SECURE_OPTIONAL",
            "https_trigger_url": "https://europe-west2-air-pollution-project-amatacz.cloudfunctions.net/function-get-openweather-data",
            "id": "projects/air-pollution-project-amatacz/locations/europe-west2/functions/function-get-openweather-data",
            "ingress_settings": "ALLOW_ALL",
            "kms_key_name": "",
            "labels": {},
            "max_instances": 0,
            "min_instances": 0,
            "name": "function-get-openweather-data",
            "project": "air-pollution-project-amatacz",
            "region": "europe-west2",
            "runtime": "python311",
            "secret_environment_variables": [],
            "secret_volumes": [],
            "service_account_email": "air-pollution-project-amatacz@appspot.gserviceaccount.com",
            "source_archive_bucket": null,
            "source_archive_object": null,
            "source_repository": [
              {
                "deployed_url": "https://source.developers.google.com/projects/air-pollution-project-amatacz/repos/github_amatacz_air-pollution/revisions/3e56c1ac0df2c8bf2eb95fe9e5a96dd271ad6164/paths/gcloud/gcloud_functions",
                "url": "https://source.developers.google.com/projects/air-pollution-project-amatacz/repos/github_amatacz_air-pollution/moveable-aliases/main/paths/gcloud/gcloud_functions"
              }
            ],
            "status": "ACTIVE",
            "terraform_labels": {},
            "timeout": 60,
            "timeouts": null,
            "trigger_http": true,
            "vpc_connector": "",
            "vpc_connector_egress_settings": ""
          },
          "sensitive_attributes": [],
          "private": "eyJlMmJmYjczMC1lY2FhLTExZTYtOGY4OC0zNDM2M2JjN2M0YzAiOnsiY3JlYXRlIjozMDAwMDAwMDAwMDAsImRlbGV0ZSI6MzAwMDAwMDAwMDAwLCJyZWFkIjozMDAwMDAwMDAwMDAsInVwZGF0ZSI6MzAwMDAwMDAwMDAwfX0="
        }
      ]
    },
    {
      "mode": "managed",
      "type": "google_pubsub_subscription",
      "name": "pull-get-openweather-data-subscrption",
      "provider": "provider[\"registry.terraform.io/hashicorp/google\"]",
      "instances": [
        {
          "schema_version": 0,
          "attributes": {
            "ack_deadline_seconds": 600,
            "bigquery_config": [],
            "cloud_storage_config": [],
            "dead_letter_policy": [],
            "effective_labels": {},
            "enable_exactly_once_delivery": false,
            "enable_message_ordering": false,
            "expiration_policy": [
              {
                "ttl": "2678400s"
              }
            ],
            "filter": "",
            "id": "projects/air-pollution-project-amatacz/subscriptions/pull-get-openweather-data-subscrption",
            "labels": {},
            "message_retention_duration": "604800s",
            "name": "pull-get-openweather-data-subscrption",
            "project": "air-pollution-project-amatacz",
            "push_config": [],
            "retain_acked_messages": true,
            "retry_policy": [],
            "terraform_labels": {},
            "timeouts": null,
            "topic": "projects/air-pollution-project-amatacz/topics/air-pollution-topic"
          },
          "sensitive_attributes": [],
          "private": "eyJlMmJmYjczMC1lY2FhLTExZTYtOGY4OC0zNDM2M2JjN2M0YzAiOnsiY3JlYXRlIjoxMjAwMDAwMDAwMDAwLCJkZWxldGUiOjEyMDAwMDAwMDAwMDAsInVwZGF0ZSI6MTIwMDAwMDAwMDAwMH19",
          "dependencies": [
            "google_pubsub_topic.air-pollution-topic"
          ]
        }
      ]
    },
    {
      "mode": "managed",
      "type": "google_pubsub_topic",
      "name": "air-pollution-topic",
      "provider": "provider[\"registry.terraform.io/hashicorp/google\"]",
      "instances": [
        {
          "schema_version": 0,
          "attributes": {
            "effective_labels": {},
            "id": "projects/air-pollution-project-amatacz/topics/air-pollution-topic",
            "kms_key_name": "",
            "labels": {},
            "message_retention_duration": "",
            "message_storage_policy": [],
            "name": "air-pollution-topic",
            "project": "air-pollution-project-amatacz",
            "schema_settings": [],
            "terraform_labels": {},
            "timeouts": null
          },
          "sensitive_attributes": [],
          "private": "eyJlMmJmYjczMC1lY2FhLTExZTYtOGY4OC0zNDM2M2JjN2M0YzAiOnsiY3JlYXRlIjoxMjAwMDAwMDAwMDAwLCJkZWxldGUiOjEyMDAwMDAwMDAwMDAsInVwZGF0ZSI6MTIwMDAwMDAwMDAwMH19"
        }
      ]
    },
    {
      "mode": "managed",
      "type": "google_workflows_workflow",
      "name": "workflow-air-pollution",
      "provider": "provider[\"registry.terraform.io/hashicorp/google\"]",
      "instances": [
        {
          "schema_version": 1,
          "attributes": {
            "call_log_level": "",
            "create_time": "2024-01-30T18:18:22.327530316Z",
            "crypto_key_name": "",
            "description": "",
            "effective_labels": {},
            "id": "projects/air-pollution-project-amatacz/locations/europe-west2/workflows/workflow-air-pollution",
            "labels": {},
            "name": "workflow-air-pollution",
            "name_prefix": null,
            "project": "air-pollution-project-amatacz",
            "region": "europe-west2",
            "revision_id": "000001-603",
            "service_account": "projects/air-pollution-project-amatacz/serviceAccounts/525979587837-compute@developer.gserviceaccount.com",
            "source_contents": "main:\r\n  params: [input]\r\n  steps:\r\n    - call_functions:\r\n        call: http.get\r\n        args:\r\n          url: https://europe-west2-air-pollution-project-amatacz.cloudfunctions.net/function-get-openweather-data\r\n          auth:\r\n            type: OIDC\r\n        result: function_response\r\n    - publish_to_pubsub:\r\n        call: googleapis.pubsub.v1.projects.topics.publish\r\n        args:\r\n          topic: projects/air-pollution-project-amatacz/topics/air-pollution-topic\r\n          body:\r\n            messages:\r\n              - data: ${base64.encode(text.encode(function_response.body))}\r\n        result: pubsub_response\r\n    - return_results:\r\n        return: ${pubsub_response}",
            "state": "ACTIVE",
            "terraform_labels": {},
            "timeouts": null,
            "update_time": "2024-01-30T18:18:22.427436259Z",
            "user_env_vars": {}
          },
          "sensitive_attributes": [],
          "private": "eyJlMmJmYjczMC1lY2FhLTExZTYtOGY4OC0zNDM2M2JjN2M0YzAiOnsiY3JlYXRlIjoxMjAwMDAwMDAwMDAwLCJkZWxldGUiOjEyMDAwMDAwMDAwMDAsInVwZGF0ZSI6MTIwMDAwMDAwMDAwMH0sInNjaGVtYV92ZXJzaW9uIjoiMSJ9"
        }
      ]
    }
  ],
  "check_results": null
}
